
Microsoft Visual Studio Solution File, Format Version 12.00
# Visual Studio Version 17
VisualStudioVersion = 17.11.35431.28
MinimumVisualStudioVersion = 10.0.40219.1
Project("{2150E333-8FDC-42A3-9474-1A3956D46DE8}") = "src", "src", "{1B1AE1C7-4838-4EE7-9F83-31F027B78C02}"
EndProject
Project("{FAE04EC0-301F-11D3-BF4B-00C04F79EFBC}") = "MinimalApi", "MinimalApi\MinimalApi.csproj", "{958D074A-5A19-425F-BAD4-EED34E6E7C2B}"
EndProject
Global
	GlobalSection(SolutionConfigurationPlatforms) = preSolution
		Debug|Any CPU = Debug|Any CPU
		Release|Any CPU = Release|Any CPU
	EndGlobalSection
	GlobalSection(ProjectConfigurationPlatforms) = postSolution
		{958D074A-5A19-425F-BAD4-EED34E6E7C2B}.Debug|Any CPU.ActiveCfg = Debug|Any CPU
		{958D074A-5A19-425F-BAD4-EED34E6E7C2B}.Debug|Any CPU.Build.0 = Debug|Any CPU
		{958D074A-5A19-425F-BAD4-EED34E6E7C2B}.Release|Any CPU.ActiveCfg = Release|Any CPU
		{958D074A-5A19-425F-BAD4-EED34E6E7C2B}.Release|Any CPU.Build.0 = Release|Any CPU
	EndGlobalSection
	GlobalSection(SolutionProperties) = preSolution
		HideSolutionNode = FALSE
	EndGlobalSection
	GlobalSection(NestedProjects) = preSolution
		{958D074A-5A19-425F-BAD4-EED34E6E7C2B} = {1B1AE1C7-4838-4EE7-9F83-31F027B78C02}
	EndGlobalSection
	GlobalSection(ExtensibilityGlobals) = postSolution
		SolutionGuid = {F955E100-2D7B-4CA7-B210-BED9D358DC4D}
	EndGlobalSection
EndGlobal
